
Microsoft Visual Studio Solution File, Format Version 12.00
# Visual Studio Version 16
VisualStudioVersion = 16.0.32228.343
MinimumVisualStudioVersion = 10.0.40219.1
Project("{FAE04EC0-301F-11D3-BF4B-00C04F79EFBC}") = "lab_2", "lab_2.csproj", "{7CF0508C-6A16-4F05-9C23-7FE89D292637}"
EndProject
Global
	GlobalSection(SolutionConfigurationPlatforms) = preSolution
		Debug|Any CPU = Debug|Any CPU
		Release|Any CPU = Release|Any CPU
	EndGlobalSection
	GlobalSection(ProjectConfigurationPlatforms) = postSolution
		{7CF0508C-6A16-4F05-9C23-7FE89D292637}.Debug|Any CPU.ActiveCfg = Debug|Any CPU
		{7CF0508C-6A16-4F05-9C23-7FE89D292637}.Debug|Any CPU.Build.0 = Debug|Any CPU
		{7CF0508C-6A16-4F05-9C23-7FE89D292637}.Release|Any CPU.ActiveCfg = Release|Any CPU
		{7CF0508C-6A16-4F05-9C23-7FE89D292637}.Release|Any CPU.Build.0 = Release|Any CPU
	EndGlobalSection
	GlobalSection(SolutionProperties) = preSolution
		HideSolutionNode = FALSE
	EndGlobalSection
	GlobalSection(ExtensibilityGlobals) = postSolution
		SolutionGuid = {6F4C07F4-86BD-4D8C-A935-3C0EE365C047}
	EndGlobalSection
EndGlobal
