
Microsoft Visual Studio Solution File, Format Version 12.00
# Visual Studio Version 16
VisualStudioVersion = 16.0.32228.343
MinimumVisualStudioVersion = 10.0.40219.1
Project("{FAE04EC0-301F-11D3-BF4B-00C04F79EFBC}") = "Bank System", "Bank System.csproj", "{AEA51588-F7B8-464F-850B-2D8ACCBE4C0C}"
EndProject
Global
	GlobalSection(SolutionConfigurationPlatforms) = preSolution
		Debug|Any CPU = Debug|Any CPU
		Release|Any CPU = Release|Any CPU
	EndGlobalSection
	GlobalSection(ProjectConfigurationPlatforms) = postSolution
		{AEA51588-F7B8-464F-850B-2D8ACCBE4C0C}.Debug|Any CPU.ActiveCfg = Debug|Any CPU
		{AEA51588-F7B8-464F-850B-2D8ACCBE4C0C}.Debug|Any CPU.Build.0 = Debug|Any CPU
		{AEA51588-F7B8-464F-850B-2D8ACCBE4C0C}.Release|Any CPU.ActiveCfg = Release|Any CPU
		{AEA51588-F7B8-464F-850B-2D8ACCBE4C0C}.Release|Any CPU.Build.0 = Release|Any CPU
	EndGlobalSection
	GlobalSection(SolutionProperties) = preSolution
		HideSolutionNode = FALSE
	EndGlobalSection
	GlobalSection(ExtensibilityGlobals) = postSolution
		SolutionGuid = {CEC1C9B3-8681-4697-92EB-907E5F856E97}
	EndGlobalSection
EndGlobal
